// !$*UTF8*$!
{
	archiveVersion = 1;
	classes = {
	};
	objectVersion = 56;
	objects = {

/* Begin PBXBuildFile section */
		C308C97F29ED71A100431E17 /* AppDelegate.swift in Sources */ = {isa = PBXBuildFile; fileRef = C308C97E29ED71A100431E17 /* AppDelegate.swift */; };
		C308C98129ED71A100431E17 /* SceneDelegate.swift in Sources */ = {isa = PBXBuildFile; fileRef = C308C98029ED71A100431E17 /* SceneDelegate.swift */; };
		C308C98329ED71A100431E17 /* WeatherViewController.swift in Sources */ = {isa = PBXBuildFile; fileRef = C308C98229ED71A100431E17 /* WeatherViewController.swift */; };
		C308C98629ED71A100431E17 /* Main.storyboard in Resources */ = {isa = PBXBuildFile; fileRef = C308C98429ED71A100431E17 /* Main.storyboard */; };
		C308C98829ED71A200431E17 /* Assets.xcassets in Resources */ = {isa = PBXBuildFile; fileRef = C308C98729ED71A200431E17 /* Assets.xcassets */; };
		C308C98B29ED71A200431E17 /* LaunchScreen.storyboard in Resources */ = {isa = PBXBuildFile; fileRef = C308C98929ED71A200431E17 /* LaunchScreen.storyboard */; };
		C308C99629ED724000431E17 /* WeatherManager.swift in Sources */ = {isa = PBXBuildFile; fileRef = C308C99529ED724000431E17 /* WeatherManager.swift */; };
		C308C99829ED725500431E17 /* WeatherData.swift in Sources */ = {isa = PBXBuildFile; fileRef = C308C99729ED725500431E17 /* WeatherData.swift */; };
		C308C99A29ED726500431E17 /* WeatherModel.swift in Sources */ = {isa = PBXBuildFile; fileRef = C308C99929ED726500431E17 /* WeatherModel.swift */; };
/* End PBXBuildFile section */

/* Begin PBXFileReference section */
		C308C97B29ED71A100431E17 /* MeteoApp.app */ = {isa = PBXFileReference; explicitFileType = wrapper.application; includeInIndex = 0; path = MeteoApp.app; sourceTree = BUILT_PRODUCTS_DIR; };
		C308C97E29ED71A100431E17 /* AppDelegate.swift */ = {isa = PBXFileReference; lastKnownFileType = sourcecode.swift; path = AppDelegate.swift; sourceTree = "<group>"; };
		C308C98029ED71A100431E17 /* SceneDelegate.swift */ = {isa = PBXFileReference; lastKnownFileType = sourcecode.swift; path = SceneDelegate.swift; sourceTree = "<group>"; };
		C308C98229ED71A100431E17 /* WeatherViewController.swift */ = {isa = PBXFileReference; lastKnownFileType = sourcecode.swift; path = WeatherViewController.swift; sourceTree = "<group>"; };
		C308C98529ED71A100431E17 /* Base */ = {isa = PBXFileReference; lastKnownFileType = file.storyboard; name = Base; path = Base.lproj/Main.storyboard; sourceTree = "<group>"; };
		C308C98729ED71A200431E17 /* Assets.xcassets */ = {isa = PBXFileReference; lastKnownFileType = folder.assetcatalog; path = Assets.xcassets; sourceTree = "<group>"; };
		C308C98A29ED71A200431E17 /* Base */ = {isa = PBXFileReference; lastKnownFileType = file.storyboard; name = Base; path = Base.lproj/LaunchScreen.storyboard; sourceTree = "<group>"; };
		C308C98C29ED71A200431E17 /* Info.plist */ = {isa = PBXFileReference; lastKnownFileType = text.plist.xml; path = Info.plist; sourceTree = "<group>"; };
		C308C99529ED724000431E17 /* WeatherManager.swift */ = {isa = PBXFileReference; lastKnownFileType = sourcecode.swift; path = WeatherManager.swift; sourceTree = "<group>"; };
		C308C99729ED725500431E17 /* WeatherData.swift */ = {isa = PBXFileReference; lastKnownFileType = sourcecode.swift; path = WeatherData.swift; sourceTree = "<group>"; };
		C308C99929ED726500431E17 /* WeatherModel.swift */ = {isa = PBXFileReference; lastKnownFileType = sourcecode.swift; path = WeatherModel.swift; sourceTree = "<group>"; };
/* End PBXFileReference section */

/* Begin PBXFrameworksBuildPhase section */
		C308C97829ED71A100431E17 /* Frameworks */ = {
			isa = PBXFrameworksBuildPhase;
			buildActionMask = 2147483647;
			files = (
			);
			runOnlyForDeploymentPostprocessing = 0;
		};
/* End PBXFrameworksBuildPhase section */

/* Begin PBXGroup section */
		C308C97229ED71A000431E17 = {
			isa = PBXGroup;
			children = (
				C308C97D29ED71A100431E17 /* MeteoApp */,
				C308C97C29ED71A100431E17 /* Products */,
			);
			sourceTree = "<group>";
		};
		C308C97C29ED71A100431E17 /* Products */ = {
			isa = PBXGroup;
			children = (
				C308C97B29ED71A100431E17 /* MeteoApp.app */,
			);
			name = Products;
			sourceTree = "<group>";
		};
		C308C97D29ED71A100431E17 /* MeteoApp */ = {
			isa = PBXGroup;
			children = (
				C308C97E29ED71A100431E17 /* AppDelegate.swift */,
				C308C98029ED71A100431E17 /* SceneDelegate.swift */,
				C308C99429ED71DF00431E17 /* Model */,
				C308C99329ED71D200431E17 /* View */,
				C308C99229ED71CB00431E17 /* Controller */,
				C308C98729ED71A200431E17 /* Assets.xcassets */,
				C308C98929ED71A200431E17 /* LaunchScreen.storyboard */,
				C308C98C29ED71A200431E17 /* Info.plist */,
			);
			path = MeteoApp;
			sourceTree = "<group>";
		};
		C308C99229ED71CB00431E17 /* Controller */ = {
			isa = PBXGroup;
			children = (
				C308C98229ED71A100431E17 /* WeatherViewController.swift */,
			);
			path = Controller;
			sourceTree = "<group>";
		};
		C308C99329ED71D200431E17 /* View */ = {
			isa = PBXGroup;
			children = (
				C308C98429ED71A100431E17 /* Main.storyboard */,
			);
			path = View;
			sourceTree = "<group>";
		};
		C308C99429ED71DF00431E17 /* Model */ = {
			isa = PBXGroup;
			children = (
				C308C99529ED724000431E17 /* WeatherManager.swift */,
				C308C99729ED725500431E17 /* WeatherData.swift */,
				C308C99929ED726500431E17 /* WeatherModel.swift */,
			);
			path = Model;
			sourceTree = "<group>";
		};
/* End PBXGroup section */

/* Begin PBXNativeTarget section */
		C308C97A29ED71A100431E17 /* MeteoApp */ = {
			isa = PBXNativeTarget;
			buildConfigurationList = C308C98F29ED71A200431E17 /* Build configuration list for PBXNativeTarget "MeteoApp" */;
			buildPhases = (
				C308C97729ED71A100431E17 /* Sources */,
				C308C97829ED71A100431E17 /* Frameworks */,
				C308C97929ED71A100431E17 /* Resources */,
			);
			buildRules = (
			);
			dependencies = (
			);
			name = MeteoApp;
			productName = MeteoApp;
			productReference = C308C97B29ED71A100431E17 /* MeteoApp.app */;
			productType = "com.apple.product-type.application";
		};
/* End PBXNativeTarget section */

/* Begin PBXProject section */
		C308C97329ED71A000431E17 /* Project object */ = {
			isa = PBXProject;
			attributes = {
				BuildIndependentTargetsInParallel = 1;
				LastSwiftUpdateCheck = 1430;
				LastUpgradeCheck = 1430;
				TargetAttributes = {
					C308C97A29ED71A100431E17 = {
						CreatedOnToolsVersion = 14.3;
					};
				};
			};
			buildConfigurationList = C308C97629ED71A000431E17 /* Build configuration list for PBXProject "MeteoApp" */;
			compatibilityVersion = "Xcode 14.0";
			developmentRegion = en;
			hasScannedForEncodings = 0;
			knownRegions = (
				en,
				Base,
			);
			mainGroup = C308C97229ED71A000431E17;
			productRefGroup = C308C97C29ED71A100431E17 /* Products */;
			projectDirPath = "";
			projectRoot = "";
			targets = (
				C308C97A29ED71A100431E17 /* MeteoApp */,
			);
		};
/* End PBXProject section */

/* Begin PBXResourcesBuildPhase section */
		C308C97929ED71A100431E17 /* Resources */ = {
			isa = PBXResourcesBuildPhase;
			buildActionMask = 2147483647;
			files = (
				C308C98B29ED71A200431E17 /* LaunchScreen.storyboard in Resources */,
				C308C98829ED71A200431E17 /* Assets.xcassets in Resources */,
				C308C98629ED71A100431E17 /* Main.storyboard in Resources */,
			);
			runOnlyForDeploymentPostprocessing = 0;
		};
/* End PBXResourcesBuildPhase section */

/* Begin PBXSourcesBuildPhase section */
		C308C97729ED71A100431E17 /* Sources */ = {
			isa = PBXSourcesBuildPhase;
			buildActionMask = 2147483647;
			files = (
				C308C98329ED71A100431E17 /* WeatherViewController.swift in Sources */,
				C308C99829ED725500431E17 /* WeatherData.swift in Sources */,
				C308C97F29ED71A100431E17 /* AppDelegate.swift in Sources */,
				C308C99629ED724000431E17 /* WeatherManager.swift in Sources */,
				C308C99A29ED726500431E17 /* WeatherModel.swift in Sources */,
				C308C98129ED71A100431E17 /* SceneDelegate.swift in Sources */,
			);
			runOnlyForDeploymentPostprocessing = 0;
		};
/* End PBXSourcesBuildPhase section */

/* Begin PBXVariantGroup section */
		C308C98429ED71A100431E17 /* Main.storyboard */ = {
			isa = PBXVariantGroup;
			children = (
				C308C98529ED71A100431E17 /* Base */,
			);
			name = Main.storyboard;
			sourceTree = "<group>";
		};
		C308C98929ED71A200431E17 /* LaunchScreen.storyboard */ = {
			isa = PBXVariantGroup;
			children = (
				C308C98A29ED71A200431E17 /* Base */,
			);
			name = LaunchScreen.storyboard;
			sourceTree = "<group>";
		};
/* End PBXVariantGroup section */

/* Begin XCBuildConfiguration section */
		C308C98D29ED71A200431E17 /* Debug */ = {
			isa = XCBuildConfiguration;
			buildSettings = {
				ALWAYS_SEARCH_USER_PATHS = NO;
				CLANG_ANALYZER_NONNULL = YES;
				CLANG_ANALYZER_NUMBER_OBJECT_CONVERSION = YES_AGGRESSIVE;
				CLANG_CXX_LANGUAGE_STANDARD = "gnu++20";
				CLANG_ENABLE_MODULES = YES;
				CLANG_ENABLE_OBJC_ARC = YES;
				CLANG_ENABLE_OBJC_WEAK = YES;
				CLANG_WARN_BLOCK_CAPTURE_AUTORELEASING = YES;
				CLANG_WARN_BOOL_CONVERSION = YES;
				CLANG_WARN_COMMA = YES;
				CLANG_WARN_CONSTANT_CONVERSION = YES;
				CLANG_WARN_DEPRECATED_OBJC_IMPLEMENTATIONS = YES;
				CLANG_WARN_DIRECT_OBJC_ISA_USAGE = YES_ERROR;
				CLANG_WARN_DOCUMENTATION_COMMENTS = YES;
				CLANG_WARN_EMPTY_BODY = YES;
				CLANG_WARN_ENUM_CONVERSION = YES;
				CLANG_WARN_INFINITE_RECURSION = YES;
				CLANG_WARN_INT_CONVERSION = YES;
				CLANG_WARN_NON_LITERAL_NULL_CONVERSION = YES;
				CLANG_WARN_OBJC_IMPLICIT_RETAIN_SELF = YES;
				CLANG_WARN_OBJC_LITERAL_CONVERSION = YES;
				CLANG_WARN_OBJC_ROOT_CLASS = YES_ERROR;
				CLANG_WARN_QUOTED_INCLUDE_IN_FRAMEWORK_HEADER = YES;
				CLANG_WARN_RANGE_LOOP_ANALYSIS = YES;
				CLANG_WARN_STRICT_PROTOTYPES = YES;
				CLANG_WARN_SUSPICIOUS_MOVE = YES;
				CLANG_WARN_UNGUARDED_AVAILABILITY = YES_AGGRESSIVE;
				CLANG_WARN_UNREACHABLE_CODE = YES;
				CLANG_WARN__DUPLICATE_METHOD_MATCH = YES;
				COPY_PHASE_STRIP = NO;
				DEBUG_INFORMATION_FORMAT = dwarf;
				ENABLE_STRICT_OBJC_MSGSEND = YES;
				ENABLE_TESTABILITY = YES;
				GCC_C_LANGUAGE_STANDARD = gnu11;
				GCC_DYNAMIC_NO_PIC = NO;
				GCC_NO_COMMON_BLOCKS = YES;
				GCC_OPTIMIZATION_LEVEL = 0;
				GCC_PREPROCESSOR_DEFINITIONS = (
					"DEBUG=1",
					"$(inherited)",
				);
				GCC_WARN_64_TO_32_BIT_CONVERSION = YES;
				GCC_WARN_ABOUT_RETURN_TYPE = YES_ERROR;
				GCC_WARN_UNDECLARED_SELECTOR = YES;
				GCC_WARN_UNINITIALIZED_AUTOS = YES_AGGRESSIVE;
				GCC_WARN_UNUSED_FUNCTION = YES;
				GCC_WARN_UNUSED_VARIABLE = YES;
				IPHONEOS_DEPLOYMENT_TARGET = 16.4;
				MTL_ENABLE_DEBUG_INFO = INCLUDE_SOURCE;
				MTL_FAST_MATH = YES;
				ONLY_ACTIVE_ARCH = YES;
				SDKROOT = iphoneos;
				SWIFT_ACTIVE_COMPILATION_CONDITIONS = DEBUG;
				SWIFT_OPTIMIZATION_LEVEL = "-Onone";
			};
			name = Debug;
		};
		C308C98E29ED71A200431E17 /* Release */ = {
			isa = XCBuildConfiguration;
			buildSettings = {
				ALWAYS_SEARCH_USER_PATHS = NO;
				CLANG_ANALYZER_NONNULL = YES;
				CLANG_ANALYZER_NUMBER_OBJECT_CONVERSION = YES_AGGRESSIVE;
				CLANG_CXX_LANGUAGE_STANDARD = "gnu++20";
				CLANG_ENABLE_MODULES = YES;
				CLANG_ENABLE_OBJC_ARC = YES;
				CLANG_ENABLE_OBJC_WEAK = YES;
				CLANG_WARN_BLOCK_CAPTURE_AUTORELEASING = YES;
				CLANG_WARN_BOOL_CONVERSION = YES;
				CLANG_WARN_COMMA = YES;
				CLANG_WARN_CONSTANT_CONVERSION = YES;
				CLANG_WARN_DEPRECATED_OBJC_IMPLEMENTATIONS = YES;
				CLANG_WARN_DIRECT_OBJC_ISA_USAGE = YES_ERROR;
				CLANG_WARN_DOCUMENTATION_COMMENTS = YES;
				CLANG_WARN_EMPTY_BODY = YES;
				CLANG_WARN_ENUM_CONVERSION = YES;
				CLANG_WARN_INFINITE_RECURSION = YES;
				CLANG_WARN_INT_CONVERSION = YES;
				CLANG_WARN_NON_LITERAL_NULL_CONVERSION = YES;
				CLANG_WARN_OBJC_IMPLICIT_RETAIN_SELF = YES;
				CLANG_WARN_OBJC_LITERAL_CONVERSION = YES;
				CLANG_WARN_OBJC_ROOT_CLASS = YES_ERROR;
				CLANG_WARN_QUOTED_INCLUDE_IN_FRAMEWORK_HEADER = YES;
				CLANG_WARN_RANGE_LOOP_ANALYSIS = YES;
				CLANG_WARN_STRICT_PROTOTYPES = YES;
				CLANG_WARN_SUSPICIOUS_MOVE = YES;
				CLANG_WARN_UNGUARDED_AVAILABILITY = YES_AGGRESSIVE;
				CLANG_WARN_UNREACHABLE_CODE = YES;
				CLANG_WARN__DUPLICATE_METHOD_MATCH = YES;
				COPY_PHASE_STRIP = NO;
				DEBUG_INFORMATION_FORMAT = "dwarf-with-dsym";
				ENABLE_NS_ASSERTIONS = NO;
				ENABLE_STRICT_OBJC_MSGSEND = YES;
				GCC_C_LANGUAGE_STANDARD = gnu11;
				GCC_NO_COMMON_BLOCKS = YES;
				GCC_WARN_64_TO_32_BIT_CONVERSION = YES;
				GCC_WARN_ABOUT_RETURN_TYPE = YES_ERROR;
				GCC_WARN_UNDECLARED_SELECTOR = YES;
				GCC_WARN_UNINITIALIZED_AUTOS = YES_AGGRESSIVE;
				GCC_WARN_UNUSED_FUNCTION = YES;
				GCC_WARN_UNUSED_VARIABLE = YES;
				IPHONEOS_DEPLOYMENT_TARGET = 16.4;
				MTL_ENABLE_DEBUG_INFO = NO;
				MTL_FAST_MATH = YES;
				SDKROOT = iphoneos;
				SWIFT_COMPILATION_MODE = wholemodule;
				SWIFT_OPTIMIZATION_LEVEL = "-O";
				VALIDATE_PRODUCT = YES;
			};
			name = Release;
		};
		C308C99029ED71A200431E17 /* Debug */ = {
			isa = XCBuildConfiguration;
			buildSettings = {
				ASSETCATALOG_COMPILER_APPICON_NAME = AppIcon;
				ASSETCATALOG_COMPILER_GLOBAL_ACCENT_COLOR_NAME = AccentColor;
				CODE_SIGN_STYLE = Automatic;
				CURRENT_PROJECT_VERSION = 1;
				DEVELOPMENT_TEAM = Q7W3VFRJN2;
				GENERATE_INFOPLIST_FILE = YES;
				INFOPLIST_FILE = MeteoApp/Info.plist;
				INFOPLIST_KEY_UIApplicationSupportsIndirectInputEvents = YES;
				INFOPLIST_KEY_UILaunchStoryboardName = LaunchScreen;
				INFOPLIST_KEY_UIMainStoryboardFile = Main;
				INFOPLIST_KEY_UISupportedInterfaceOrientations_iPad = "UIInterfaceOrientationPortrait UIInterfaceOrientationPortraitUpsideDown UIInterfaceOrientationLandscapeLeft UIInterfaceOrientationLandscapeRight";
				INFOPLIST_KEY_UISupportedInterfaceOrientations_iPhone = "UIInterfaceOrientationPortrait UIInterfaceOrientationLandscapeLeft UIInterfaceOrientationLandscapeRight";
				LD_RUNPATH_SEARCH_PATHS = (
					"$(inherited)",
					"@executable_path/Frameworks",
				);
				MARKETING_VERSION = 1.0;
				PRODUCT_BUNDLE_IDENTIFIER = io.giulioaterno.MeteoApp;
				PRODUCT_NAME = "$(TARGET_NAME)";
				SWIFT_EMIT_LOC_STRINGS = YES;
				SWIFT_VERSION = 5.0;
				TARGETED_DEVICE_FAMILY = "1,2";
			};
			name = Debug;
		};
		C308C99129ED71A200431E17 /* Release */ = {
			isa = XCBuildConfiguration;
			buildSettings = {
				ASSETCATALOG_COMPILER_APPICON_NAME = AppIcon;
				ASSETCATALOG_COMPILER_GLOBAL_ACCENT_COLOR_NAME = AccentColor;
				CODE_SIGN_STYLE = Automatic;
				CURRENT_PROJECT_VERSION = 1;
				DEVELOPMENT_TEAM = Q7W3VFRJN2;
				GENERATE_INFOPLIST_FILE = YES;
				INFOPLIST_FILE = MeteoApp/Info.plist;
				INFOPLIST_KEY_UIApplicationSupportsIndirectInputEvents = YES;
				INFOPLIST_KEY_UILaunchStoryboardName = LaunchScreen;
				INFOPLIST_KEY_UIMainStoryboardFile = Main;
				INFOPLIST_KEY_UISupportedInterfaceOrientations_iPad = "UIInterfaceOrientationPortrait UIInterfaceOrientationPortraitUpsideDown UIInterfaceOrientationLandscapeLeft UIInterfaceOrientationLandscapeRight";
				INFOPLIST_KEY_UISupportedInterfaceOrientations_iPhone = "UIInterfaceOrientationPortrait UIInterfaceOrientationLandscapeLeft UIInterfaceOrientationLandscapeRight";
				LD_RUNPATH_SEARCH_PATHS = (
					"$(inherited)",
					"@executable_path/Frameworks",
				);
				MARKETING_VERSION = 1.0;
				PRODUCT_BUNDLE_IDENTIFIER = io.giulioaterno.MeteoApp;
				PRODUCT_NAME = "$(TARGET_NAME)";
				SWIFT_EMIT_LOC_STRINGS = YES;
				SWIFT_VERSION = 5.0;
				TARGETED_DEVICE_FAMILY = "1,2";
			};
			name = Release;
		};
/* End XCBuildConfiguration section */

/* Begin XCConfigurationList section */
		C308C97629ED71A000431E17 /* Build configuration list for PBXProject "MeteoApp" */ = {
			isa = XCConfigurationList;
			buildConfigurations = (
				C308C98D29ED71A200431E17 /* Debug */,
				C308C98E29ED71A200431E17 /* Release */,
			);
			defaultConfigurationIsVisible = 0;
			defaultConfigurationName = Release;
		};
		C308C98F29ED71A200431E17 /* Build configuration list for PBXNativeTarget "MeteoApp" */ = {
			isa = XCConfigurationList;
			buildConfigurations = (
				C308C99029ED71A200431E17 /* Debug */,
				C308C99129ED71A200431E17 /* Release */,
			);
			defaultConfigurationIsVisible = 0;
			defaultConfigurationName = Release;
		};
/* End XCConfigurationList section */
	};
	rootObject = C308C97329ED71A000431E17 /* Project object */;
}
